<Solution>
  <Project Path="YSMViewer.Browser/YSMViewer.Browser.csproj" />
  <Project Path="YSMViewer.Core/YSMViewer.Core.csproj" />
  <Project Path="YSMViewer.Desktop/YSMViewer.Desktop.csproj" />
  <Project Path="YSMViewer.ThumbnailProvider.Cpp/YSMViewer.ThumbnailProvider.Cpp.vcxproj" Id="f4e2c1a8-7b3d-4e5f-9a1c-2d8e6f0b4a3c" />
  <Project Path="YSMViewer.ThumbnailProvider/YSMViewer.ThumbnailProvider.csproj" />
  <Project Path="YSMViewer/YSMViewer.csproj" />
</Solution>
